
Microsoft Visual Studio Solution File, Format Version 12.00
Project("{FAE04EC0-301F-11D3-BF4B-00C04F79EFBC}") = "JsonDiffer", "JsonDiffer.csproj", "{4BE5A930-0FBD-48C9-A847-F4388613F0D1}"
EndProject
Global
	GlobalSection(SolutionConfigurationPlatforms) = preSolution
		Debug|Any CPU = Debug|Any CPU
		Release|Any CPU = Release|Any CPU
	EndGlobalSection
	GlobalSection(ProjectConfigurationPlatforms) = postSolution
		{4BE5A930-0FBD-48C9-A847-F4388613F0D1}.Debug|Any CPU.ActiveCfg = Debug|Any CPU
		{4BE5A930-0FBD-48C9-A847-F4388613F0D1}.Debug|Any CPU.Build.0 = Debug|Any CPU
		{4BE5A930-0FBD-48C9-A847-F4388613F0D1}.Release|Any CPU.ActiveCfg = Release|Any CPU
		{4BE5A930-0FBD-48C9-A847-F4388613F0D1}.Release|Any CPU.Build.0 = Release|Any CPU
	EndGlobalSection
EndGlobal
